
Microsoft Visual Studio Solution File, Format Version 12.00
# Visual Studio Version 17
VisualStudioVersion = 17.14.36429.23
MinimumVisualStudioVersion = 10.0.40219.1
Project("{FAE04EC0-301F-11D3-BF4B-00C04F79EFBC}") = "dotnet-mvc-first-app", "dotnet-mvc-first-app\dotnet-mvc-first-app.csproj", "{402377AD-22EB-4A59-B128-EF085E94B4AA}"
EndProject
Global
	GlobalSection(SolutionConfigurationPlatforms) = preSolution
		Debug|Any CPU = Debug|Any CPU
		Release|Any CPU = Release|Any CPU
	EndGlobalSection
	GlobalSection(ProjectConfigurationPlatforms) = postSolution
		{402377AD-22EB-4A59-B128-EF085E94B4AA}.Debug|Any CPU.ActiveCfg = Debug|Any CPU
		{402377AD-22EB-4A59-B128-EF085E94B4AA}.Debug|Any CPU.Build.0 = Debug|Any CPU
		{402377AD-22EB-4A59-B128-EF085E94B4AA}.Release|Any CPU.ActiveCfg = Release|Any CPU
		{402377AD-22EB-4A59-B128-EF085E94B4AA}.Release|Any CPU.Build.0 = Release|Any CPU
	EndGlobalSection
	GlobalSection(SolutionProperties) = preSolution
		HideSolutionNode = FALSE
	EndGlobalSection
	GlobalSection(ExtensibilityGlobals) = postSolution
		SolutionGuid = {A242DE13-2114-454A-A2D1-71B79EAC84F1}
	EndGlobalSection
EndGlobal
